
Microsoft Visual Studio Solution File, Format Version 12.00
# Visual Studio 15
VisualStudioVersion = 15.0.28307.329
MinimumVisualStudioVersion = 10.0.40219.1
Project("{9A19103F-16F7-4668-BE54-9A1E7A4F7556}") = "SimpleHashing", "SimpleHashing\SimpleHashing.csproj", "{0DEA5687-8946-4EE7-9D15-98174999B5C6}"
EndProject
Project("{FAE04EC0-301F-11D3-BF4B-00C04F79EFBC}") = "SimpleHashing.Test", "SimpleHashing.Test\SimpleHashing.Test.csproj", "{D38701C0-AFC1-4C8A-B694-33F2F4DE2D2D}"
EndProject
Global
	GlobalSection(SolutionConfigurationPlatforms) = preSolution
		Debug|Any CPU = Debug|Any CPU
		Release|Any CPU = Release|Any CPU
	EndGlobalSection
	GlobalSection(ProjectConfigurationPlatforms) = postSolution
		{0DEA5687-8946-4EE7-9D15-98174999B5C6}.Debug|Any CPU.ActiveCfg = Debug|Any CPU
		{0DEA5687-8946-4EE7-9D15-98174999B5C6}.Debug|Any CPU.Build.0 = Debug|Any CPU
		{0DEA5687-8946-4EE7-9D15-98174999B5C6}.Release|Any CPU.ActiveCfg = Release|Any CPU
		{0DEA5687-8946-4EE7-9D15-98174999B5C6}.Release|Any CPU.Build.0 = Release|Any CPU
		{D38701C0-AFC1-4C8A-B694-33F2F4DE2D2D}.Debug|Any CPU.ActiveCfg = Debug|Any CPU
		{D38701C0-AFC1-4C8A-B694-33F2F4DE2D2D}.Debug|Any CPU.Build.0 = Debug|Any CPU
		{D38701C0-AFC1-4C8A-B694-33F2F4DE2D2D}.Release|Any CPU.ActiveCfg = Release|Any CPU
		{D38701C0-AFC1-4C8A-B694-33F2F4DE2D2D}.Release|Any CPU.Build.0 = Release|Any CPU
	EndGlobalSection
	GlobalSection(SolutionProperties) = preSolution
		HideSolutionNode = FALSE
	EndGlobalSection
	GlobalSection(ExtensibilityGlobals) = postSolution
		SolutionGuid = {2C589699-D255-49D4-9D38-024B5C645084}
	EndGlobalSection
EndGlobal
